
Microsoft Visual Studio Solution File, Format Version 12.00
# Visual Studio Version 16
VisualStudioVersion = 16.0.30804.86
MinimumVisualStudioVersion = 10.0.40219.1
Project("{FAE04EC0-301F-11D3-BF4B-00C04F79EFBC}") = "DomainModelEditor.WPF", "DomainModelEditor.WPF\DomainModelEditor.WPF.csproj", "{997A2820-A70F-4A1B-A6E2-F2AA2A04BBB9}"
EndProject
Project("{9A19103F-16F7-4668-BE54-9A1E7A4F7556}") = "DomainModelEditor.Domain", "DomainModelEditor.Domain\DomainModelEditor.Domain.csproj", "{566F6873-CF7A-4C19-8164-0664927FC095}"
EndProject
Project("{9A19103F-16F7-4668-BE54-9A1E7A4F7556}") = "DomainModelEditor.Data", "DomainModelEditor.Data\DomainModelEditor.Data.csproj", "{EC7C3137-35AA-4430-89CA-02C554FF96BA}"
EndProject
Project("{9A19103F-16F7-4668-BE54-9A1E7A4F7556}") = "DomainModelEditor.Data.Tests", "DomainModelEditor.Data.Tests\DomainModelEditor.Data.Tests.csproj", "{D4CE4DA3-4DA5-4100-8A84-4F7E7656EF77}"
EndProject
Project("{9A19103F-16F7-4668-BE54-9A1E7A4F7556}") = "DomainModelEditor.WPF.Tests", "DomainModelEditor.WPF.Tests\DomainModelEditor.WPF.Tests.csproj", "{AF33A847-F1FE-4C6F-910A-A83D825BCEC7}"
EndProject
Project("{9A19103F-16F7-4668-BE54-9A1E7A4F7556}") = "DomainModelEditor.Api.Rest", "DomainModelEditor.Api.Rest\DomainModelEditor.Api.Rest.csproj", "{B2357BDE-4E35-4801-BB49-2E179ADFC779}"
EndProject
Project("{FAE04EC0-301F-11D3-BF4B-00C04F79EFBC}") = "DomainModelEditor.Api.Rest.UnitTest", "DomainModelEditor.Api.Rest.UnitTest\DomainModelEditor.Api.Rest.UnitTest.csproj", "{702881D8-9D91-4797-BA82-CAADDCD065E2}"
EndProject
Global
	GlobalSection(SolutionConfigurationPlatforms) = preSolution
		Debug|Any CPU = Debug|Any CPU
		Release|Any CPU = Release|Any CPU
	EndGlobalSection
	GlobalSection(ProjectConfigurationPlatforms) = postSolution
		{997A2820-A70F-4A1B-A6E2-F2AA2A04BBB9}.Debug|Any CPU.ActiveCfg = Debug|Any CPU
		{997A2820-A70F-4A1B-A6E2-F2AA2A04BBB9}.Debug|Any CPU.Build.0 = Debug|Any CPU
		{997A2820-A70F-4A1B-A6E2-F2AA2A04BBB9}.Release|Any CPU.ActiveCfg = Release|Any CPU
		{997A2820-A70F-4A1B-A6E2-F2AA2A04BBB9}.Release|Any CPU.Build.0 = Release|Any CPU
		{566F6873-CF7A-4C19-8164-0664927FC095}.Debug|Any CPU.ActiveCfg = Debug|Any CPU
		{566F6873-CF7A-4C19-8164-0664927FC095}.Debug|Any CPU.Build.0 = Debug|Any CPU
		{566F6873-CF7A-4C19-8164-0664927FC095}.Release|Any CPU.ActiveCfg = Release|Any CPU
		{566F6873-CF7A-4C19-8164-0664927FC095}.Release|Any CPU.Build.0 = Release|Any CPU
		{EC7C3137-35AA-4430-89CA-02C554FF96BA}.Debug|Any CPU.ActiveCfg = Debug|Any CPU
		{EC7C3137-35AA-4430-89CA-02C554FF96BA}.Debug|Any CPU.Build.0 = Debug|Any CPU
		{EC7C3137-35AA-4430-89CA-02C554FF96BA}.Release|Any CPU.ActiveCfg = Release|Any CPU
		{EC7C3137-35AA-4430-89CA-02C554FF96BA}.Release|Any CPU.Build.0 = Release|Any CPU
		{D4CE4DA3-4DA5-4100-8A84-4F7E7656EF77}.Debug|Any CPU.ActiveCfg = Debug|Any CPU
		{D4CE4DA3-4DA5-4100-8A84-4F7E7656EF77}.Debug|Any CPU.Build.0 = Debug|Any CPU
		{D4CE4DA3-4DA5-4100-8A84-4F7E7656EF77}.Release|Any CPU.ActiveCfg = Release|Any CPU
		{D4CE4DA3-4DA5-4100-8A84-4F7E7656EF77}.Release|Any CPU.Build.0 = Release|Any CPU
		{AF33A847-F1FE-4C6F-910A-A83D825BCEC7}.Debug|Any CPU.ActiveCfg = Debug|Any CPU
		{AF33A847-F1FE-4C6F-910A-A83D825BCEC7}.Debug|Any CPU.Build.0 = Debug|Any CPU
		{AF33A847-F1FE-4C6F-910A-A83D825BCEC7}.Release|Any CPU.ActiveCfg = Release|Any CPU
		{AF33A847-F1FE-4C6F-910A-A83D825BCEC7}.Release|Any CPU.Build.0 = Release|Any CPU
		{B2357BDE-4E35-4801-BB49-2E179ADFC779}.Debug|Any CPU.ActiveCfg = Debug|Any CPU
		{B2357BDE-4E35-4801-BB49-2E179ADFC779}.Debug|Any CPU.Build.0 = Debug|Any CPU
		{B2357BDE-4E35-4801-BB49-2E179ADFC779}.Release|Any CPU.ActiveCfg = Release|Any CPU
		{B2357BDE-4E35-4801-BB49-2E179ADFC779}.Release|Any CPU.Build.0 = Release|Any CPU
		{702881D8-9D91-4797-BA82-CAADDCD065E2}.Debug|Any CPU.ActiveCfg = Debug|Any CPU
		{702881D8-9D91-4797-BA82-CAADDCD065E2}.Debug|Any CPU.Build.0 = Debug|Any CPU
		{702881D8-9D91-4797-BA82-CAADDCD065E2}.Release|Any CPU.ActiveCfg = Release|Any CPU
		{702881D8-9D91-4797-BA82-CAADDCD065E2}.Release|Any CPU.Build.0 = Release|Any CPU
	EndGlobalSection
	GlobalSection(SolutionProperties) = preSolution
		HideSolutionNode = FALSE
	EndGlobalSection
	GlobalSection(ExtensibilityGlobals) = postSolution
		SolutionGuid = {9A5B5883-85A8-479D-90B4-02DDEBC81248}
	EndGlobalSection
EndGlobal
